
Microsoft Visual Studio Solution File, Format Version 12.00
# Visual Studio Version 17
VisualStudioVersion = 17.14.36804.6 d17.14
MinimumVisualStudioVersion = 10.0.40219.1
Project("{FAE04EC0-301F-11D3-BF4B-00C04F79EFBC}") = "InterfaceEx", "InterfaceEx\InterfaceEx.csproj", "{3C6662C6-B77F-4971-BDB8-DC0E4C2134F4}"
EndProject
Global
	GlobalSection(SolutionConfigurationPlatforms) = preSolution
		Debug|Any CPU = Debug|Any CPU
		Release|Any CPU = Release|Any CPU
	EndGlobalSection
	GlobalSection(ProjectConfigurationPlatforms) = postSolution
		{3C6662C6-B77F-4971-BDB8-DC0E4C2134F4}.Debug|Any CPU.ActiveCfg = Debug|Any CPU
		{3C6662C6-B77F-4971-BDB8-DC0E4C2134F4}.Debug|Any CPU.Build.0 = Debug|Any CPU
		{3C6662C6-B77F-4971-BDB8-DC0E4C2134F4}.Release|Any CPU.ActiveCfg = Release|Any CPU
		{3C6662C6-B77F-4971-BDB8-DC0E4C2134F4}.Release|Any CPU.Build.0 = Release|Any CPU
	EndGlobalSection
	GlobalSection(SolutionProperties) = preSolution
		HideSolutionNode = FALSE
	EndGlobalSection
	GlobalSection(ExtensibilityGlobals) = postSolution
		SolutionGuid = {357E434D-6876-4424-88F1-37D0754522D5}
	EndGlobalSection
EndGlobal
