
Microsoft Visual Studio Solution File, Format Version 12.00
# Visual Studio Version 17
VisualStudioVersion = 17.14.36804.6 d17.14
MinimumVisualStudioVersion = 10.0.40219.1
Project("{FAE04EC0-301F-11D3-BF4B-00C04F79EFBC}") = "CMathLib", "CMathLib\CMathLib.csproj", "{648DE82F-B764-4290-B48C-086E8CB310F5}"
EndProject
Global
	GlobalSection(SolutionConfigurationPlatforms) = preSolution
		Debug|Any CPU = Debug|Any CPU
		Release|Any CPU = Release|Any CPU
	EndGlobalSection
	GlobalSection(ProjectConfigurationPlatforms) = postSolution
		{648DE82F-B764-4290-B48C-086E8CB310F5}.Debug|Any CPU.ActiveCfg = Debug|Any CPU
		{648DE82F-B764-4290-B48C-086E8CB310F5}.Debug|Any CPU.Build.0 = Debug|Any CPU
		{648DE82F-B764-4290-B48C-086E8CB310F5}.Release|Any CPU.ActiveCfg = Release|Any CPU
		{648DE82F-B764-4290-B48C-086E8CB310F5}.Release|Any CPU.Build.0 = Release|Any CPU
	EndGlobalSection
	GlobalSection(SolutionProperties) = preSolution
		HideSolutionNode = FALSE
	EndGlobalSection
	GlobalSection(ExtensibilityGlobals) = postSolution
		SolutionGuid = {126435AB-98F2-4044-B092-8E21FDB2A36B}
	EndGlobalSection
EndGlobal
