
Microsoft Visual Studio Solution File, Format Version 12.00
# Visual Studio Version 17
VisualStudioVersion = 17.14.36804.6 d17.14
MinimumVisualStudioVersion = 10.0.40219.1
Project("{FAE04EC0-301F-11D3-BF4B-00C04F79EFBC}") = "EventAndDelegate", "EventAndDelegate\EventAndDelegate.csproj", "{442D6863-3661-4BE3-9108-75A23C420DDD}"
EndProject
Global
	GlobalSection(SolutionConfigurationPlatforms) = preSolution
		Debug|Any CPU = Debug|Any CPU
		Release|Any CPU = Release|Any CPU
	EndGlobalSection
	GlobalSection(ProjectConfigurationPlatforms) = postSolution
		{442D6863-3661-4BE3-9108-75A23C420DDD}.Debug|Any CPU.ActiveCfg = Debug|Any CPU
		{442D6863-3661-4BE3-9108-75A23C420DDD}.Debug|Any CPU.Build.0 = Debug|Any CPU
		{442D6863-3661-4BE3-9108-75A23C420DDD}.Release|Any CPU.ActiveCfg = Release|Any CPU
		{442D6863-3661-4BE3-9108-75A23C420DDD}.Release|Any CPU.Build.0 = Release|Any CPU
	EndGlobalSection
	GlobalSection(SolutionProperties) = preSolution
		HideSolutionNode = FALSE
	EndGlobalSection
	GlobalSection(ExtensibilityGlobals) = postSolution
		SolutionGuid = {0EAD40F9-6E7A-4C47-B7CD-FB2096816790}
	EndGlobalSection
EndGlobal
